
Microsoft Visual Studio Solution File, Format Version 12.00
# Visual Studio Version 17
VisualStudioVersion = 17.2.32630.192
MinimumVisualStudioVersion = 10.0.40219.1
Project("{FAE04EC0-301F-11D3-BF4B-00C04F79EFBC}") = "mert", "mert\mert.csproj", "{AF933E0F-D351-4B43-B753-64B5F258C611}"
EndProject
Project("{FAE04EC0-301F-11D3-BF4B-00C04F79EFBC}") = "test", "test\test.csproj", "{1C5A5A4F-225B-4EF8-99C5-18EC4278D8AE}"
EndProject
Project("{FAE04EC0-301F-11D3-BF4B-00C04F79EFBC}") = "byte", "byte\byte.csproj", "{A5FB0541-987C-438D-A3DC-7D5418E6BAF1}"
EndProject
Project("{FAE04EC0-301F-11D3-BF4B-00C04F79EFBC}") = "bool", "bool\bool.csproj", "{8CF34070-8D63-458D-9C18-B280218E042C}"
EndProject
Project("{FAE04EC0-301F-11D3-BF4B-00C04F79EFBC}") = "bedenkitleindex", "bedenkitleindex\bedenkitleindex.csproj", "{CB6817D3-F054-4145-86B8-ABE19DF53A3E}"
EndProject
Project("{FAE04EC0-301F-11D3-BF4B-00C04F79EFBC}") = "miniatm", "miniatm\miniatm.csproj", "{0E4ABD74-70F5-4609-82D3-DA24723D92C4}"
EndProject
Project("{FAE04EC0-301F-11D3-BF4B-00C04F79EFBC}") = "miniatmloop", "miniatmloop\miniatmloop.csproj", "{B3623296-E384-4277-8ECD-FF1FB15C2D27}"
EndProject
Project("{FAE04EC0-301F-11D3-BF4B-00C04F79EFBC}") = "ogrenciuygulamsi", "ogrenciuygulamsi\ogrenciuygulamsi.csproj", "{C0549C2C-3D8E-41D7-BFF9-735E7406A357}"
EndProject
Project("{FAE04EC0-301F-11D3-BF4B-00C04F79EFBC}") = "kapsulleme", "kapsulleme\kapsulleme.csproj", "{3A1B7194-F826-4371-B549-FB2981BA6F8C}"
EndProject
Project("{FAE04EC0-301F-11D3-BF4B-00C04F79EFBC}") = "tckontrol", "tckontrol\tckontrol.csproj", "{3F28DABD-B030-4942-A200-05B689E34599}"
EndProject
Project("{FAE04EC0-301F-11D3-BF4B-00C04F79EFBC}") = "arraylistnedir", "arraylistnedir\arraylistnedir.csproj", "{4E0CFD23-F729-4091-8136-501BA390A8D0}"
EndProject
Project("{FAE04EC0-301F-11D3-BF4B-00C04F79EFBC}") = "inheritancegiris", "inheritancegiris\inheritancegiris.csproj", "{2E59EE42-DA1F-4D6F-9DC5-4D44482ED16D}"
EndProject
Project("{9A19103F-16F7-4668-BE54-9A1E7A4F7556}") = "deneme", "deneme\deneme.csproj", "{1F9F76EF-4CF1-44C0-87E6-6832F10D09A3}"
EndProject
Project("{9A19103F-16F7-4668-BE54-9A1E7A4F7556}") = "dortislem", "dortislem\dortislem.csproj", "{585C21E6-7900-4F05-8A0B-2AC9684D41B6}"
EndProject
Project("{9A19103F-16F7-4668-BE54-9A1E7A4F7556}") = "doubledegiskenler", "doubledegiskenler\doubledegiskenler.csproj", "{0D6B2057-0589-4B1A-ACDD-45303E5B6EDB}"
EndProject
Project("{9A19103F-16F7-4668-BE54-9A1E7A4F7556}") = "sinemabufesatis", "sinemabufesatis\sinemabufesatis.csproj", "{5606A405-E4F5-48A8-8922-490ADC1ADBAD}"
EndProject
Project("{9A19103F-16F7-4668-BE54-9A1E7A4F7556}") = "switchcasesembolegore", "switchcasesembolegore\switchcasesembolegore.csproj", "{00A77770-1ADA-46BA-B820-50E737B56419}"
EndProject
Project("{9A19103F-16F7-4668-BE54-9A1E7A4F7556}") = "bilgiyarismasi", "bilgiyarismasi\bilgiyarismasi.csproj", "{BFC86634-1EFD-4842-AFD6-6B6A30E59E2D}"
EndProject
Project("{9A19103F-16F7-4668-BE54-9A1E7A4F7556}") = "donguler", "donguler\donguler.csproj", "{88919306-30F0-48A8-9188-6D590D6CDA96}"
EndProject
Project("{FAE04EC0-301F-11D3-BF4B-00C04F79EFBC}") = "timer_2", "timer_2\timer_2.csproj", "{45272CDC-5358-4B2C-B068-B8DE9597292C}"
EndProject
Project("{FAE04EC0-301F-11D3-BF4B-00C04F79EFBC}") = "progressbar", "progressbar\progressbar.csproj", "{87D259E8-4A30-4E5C-AA07-A774E44A2DC3}"
EndProject
Global
	GlobalSection(SolutionConfigurationPlatforms) = preSolution
		Debug|Any CPU = Debug|Any CPU
		Release|Any CPU = Release|Any CPU
	EndGlobalSection
	GlobalSection(ProjectConfigurationPlatforms) = postSolution
		{AF933E0F-D351-4B43-B753-64B5F258C611}.Debug|Any CPU.ActiveCfg = Debug|Any CPU
		{AF933E0F-D351-4B43-B753-64B5F258C611}.Debug|Any CPU.Build.0 = Debug|Any CPU
		{AF933E0F-D351-4B43-B753-64B5F258C611}.Release|Any CPU.ActiveCfg = Release|Any CPU
		{AF933E0F-D351-4B43-B753-64B5F258C611}.Release|Any CPU.Build.0 = Release|Any CPU
		{1C5A5A4F-225B-4EF8-99C5-18EC4278D8AE}.Debug|Any CPU.ActiveCfg = Debug|Any CPU
		{1C5A5A4F-225B-4EF8-99C5-18EC4278D8AE}.Debug|Any CPU.Build.0 = Debug|Any CPU
		{1C5A5A4F-225B-4EF8-99C5-18EC4278D8AE}.Release|Any CPU.ActiveCfg = Release|Any CPU
		{1C5A5A4F-225B-4EF8-99C5-18EC4278D8AE}.Release|Any CPU.Build.0 = Release|Any CPU
		{A5FB0541-987C-438D-A3DC-7D5418E6BAF1}.Debug|Any CPU.ActiveCfg = Debug|Any CPU
		{A5FB0541-987C-438D-A3DC-7D5418E6BAF1}.Debug|Any CPU.Build.0 = Debug|Any CPU
		{A5FB0541-987C-438D-A3DC-7D5418E6BAF1}.Release|Any CPU.ActiveCfg = Release|Any CPU
		{A5FB0541-987C-438D-A3DC-7D5418E6BAF1}.Release|Any CPU.Build.0 = Release|Any CPU
		{8CF34070-8D63-458D-9C18-B280218E042C}.Debug|Any CPU.ActiveCfg = Debug|Any CPU
		{8CF34070-8D63-458D-9C18-B280218E042C}.Debug|Any CPU.Build.0 = Debug|Any CPU
		{8CF34070-8D63-458D-9C18-B280218E042C}.Release|Any CPU.ActiveCfg = Release|Any CPU
		{8CF34070-8D63-458D-9C18-B280218E042C}.Release|Any CPU.Build.0 = Release|Any CPU
		{CB6817D3-F054-4145-86B8-ABE19DF53A3E}.Debug|Any CPU.ActiveCfg = Debug|Any CPU
		{CB6817D3-F054-4145-86B8-ABE19DF53A3E}.Debug|Any CPU.Build.0 = Debug|Any CPU
		{CB6817D3-F054-4145-86B8-ABE19DF53A3E}.Release|Any CPU.ActiveCfg = Release|Any CPU
		{CB6817D3-F054-4145-86B8-ABE19DF53A3E}.Release|Any CPU.Build.0 = Release|Any CPU
		{0E4ABD74-70F5-4609-82D3-DA24723D92C4}.Debug|Any CPU.ActiveCfg = Debug|Any CPU
		{0E4ABD74-70F5-4609-82D3-DA24723D92C4}.Debug|Any CPU.Build.0 = Debug|Any CPU
		{0E4ABD74-70F5-4609-82D3-DA24723D92C4}.Release|Any CPU.ActiveCfg = Release|Any CPU
		{0E4ABD74-70F5-4609-82D3-DA24723D92C4}.Release|Any CPU.Build.0 = Release|Any CPU
		{B3623296-E384-4277-8ECD-FF1FB15C2D27}.Debug|Any CPU.ActiveCfg = Debug|Any CPU
		{B3623296-E384-4277-8ECD-FF1FB15C2D27}.Debug|Any CPU.Build.0 = Debug|Any CPU
		{B3623296-E384-4277-8ECD-FF1FB15C2D27}.Release|Any CPU.ActiveCfg = Release|Any CPU
		{B3623296-E384-4277-8ECD-FF1FB15C2D27}.Release|Any CPU.Build.0 = Release|Any CPU
		{C0549C2C-3D8E-41D7-BFF9-735E7406A357}.Debug|Any CPU.ActiveCfg = Debug|Any CPU
		{C0549C2C-3D8E-41D7-BFF9-735E7406A357}.Debug|Any CPU.Build.0 = Debug|Any CPU
		{C0549C2C-3D8E-41D7-BFF9-735E7406A357}.Release|Any CPU.ActiveCfg = Release|Any CPU
		{C0549C2C-3D8E-41D7-BFF9-735E7406A357}.Release|Any CPU.Build.0 = Release|Any CPU
		{3A1B7194-F826-4371-B549-FB2981BA6F8C}.Debug|Any CPU.ActiveCfg = Debug|Any CPU
		{3A1B7194-F826-4371-B549-FB2981BA6F8C}.Debug|Any CPU.Build.0 = Debug|Any CPU
		{3A1B7194-F826-4371-B549-FB2981BA6F8C}.Release|Any CPU.ActiveCfg = Release|Any CPU
		{3A1B7194-F826-4371-B549-FB2981BA6F8C}.Release|Any CPU.Build.0 = Release|Any CPU
		{3F28DABD-B030-4942-A200-05B689E34599}.Debug|Any CPU.ActiveCfg = Debug|Any CPU
		{3F28DABD-B030-4942-A200-05B689E34599}.Debug|Any CPU.Build.0 = Debug|Any CPU
		{3F28DABD-B030-4942-A200-05B689E34599}.Release|Any CPU.ActiveCfg = Release|Any CPU
		{3F28DABD-B030-4942-A200-05B689E34599}.Release|Any CPU.Build.0 = Release|Any CPU
		{4E0CFD23-F729-4091-8136-501BA390A8D0}.Debug|Any CPU.ActiveCfg = Debug|Any CPU
		{4E0CFD23-F729-4091-8136-501BA390A8D0}.Debug|Any CPU.Build.0 = Debug|Any CPU
		{4E0CFD23-F729-4091-8136-501BA390A8D0}.Release|Any CPU.ActiveCfg = Release|Any CPU
		{4E0CFD23-F729-4091-8136-501BA390A8D0}.Release|Any CPU.Build.0 = Release|Any CPU
		{2E59EE42-DA1F-4D6F-9DC5-4D44482ED16D}.Debug|Any CPU.ActiveCfg = Debug|Any CPU
		{2E59EE42-DA1F-4D6F-9DC5-4D44482ED16D}.Debug|Any CPU.Build.0 = Debug|Any CPU
		{2E59EE42-DA1F-4D6F-9DC5-4D44482ED16D}.Release|Any CPU.ActiveCfg = Release|Any CPU
		{2E59EE42-DA1F-4D6F-9DC5-4D44482ED16D}.Release|Any CPU.Build.0 = Release|Any CPU
		{1F9F76EF-4CF1-44C0-87E6-6832F10D09A3}.Debug|Any CPU.ActiveCfg = Debug|Any CPU
		{1F9F76EF-4CF1-44C0-87E6-6832F10D09A3}.Debug|Any CPU.Build.0 = Debug|Any CPU
		{1F9F76EF-4CF1-44C0-87E6-6832F10D09A3}.Release|Any CPU.ActiveCfg = Release|Any CPU
		{1F9F76EF-4CF1-44C0-87E6-6832F10D09A3}.Release|Any CPU.Build.0 = Release|Any CPU
		{585C21E6-7900-4F05-8A0B-2AC9684D41B6}.Debug|Any CPU.ActiveCfg = Debug|Any CPU
		{585C21E6-7900-4F05-8A0B-2AC9684D41B6}.Debug|Any CPU.Build.0 = Debug|Any CPU
		{585C21E6-7900-4F05-8A0B-2AC9684D41B6}.Release|Any CPU.ActiveCfg = Release|Any CPU
		{585C21E6-7900-4F05-8A0B-2AC9684D41B6}.Release|Any CPU.Build.0 = Release|Any CPU
		{0D6B2057-0589-4B1A-ACDD-45303E5B6EDB}.Debug|Any CPU.ActiveCfg = Debug|Any CPU
		{0D6B2057-0589-4B1A-ACDD-45303E5B6EDB}.Debug|Any CPU.Build.0 = Debug|Any CPU
		{0D6B2057-0589-4B1A-ACDD-45303E5B6EDB}.Release|Any CPU.ActiveCfg = Release|Any CPU
		{0D6B2057-0589-4B1A-ACDD-45303E5B6EDB}.Release|Any CPU.Build.0 = Release|Any CPU
		{5606A405-E4F5-48A8-8922-490ADC1ADBAD}.Debug|Any CPU.ActiveCfg = Debug|Any CPU
		{5606A405-E4F5-48A8-8922-490ADC1ADBAD}.Debug|Any CPU.Build.0 = Debug|Any CPU
		{5606A405-E4F5-48A8-8922-490ADC1ADBAD}.Release|Any CPU.ActiveCfg = Release|Any CPU
		{5606A405-E4F5-48A8-8922-490ADC1ADBAD}.Release|Any CPU.Build.0 = Release|Any CPU
		{00A77770-1ADA-46BA-B820-50E737B56419}.Debug|Any CPU.ActiveCfg = Debug|Any CPU
		{00A77770-1ADA-46BA-B820-50E737B56419}.Debug|Any CPU.Build.0 = Debug|Any CPU
		{00A77770-1ADA-46BA-B820-50E737B56419}.Release|Any CPU.ActiveCfg = Release|Any CPU
		{00A77770-1ADA-46BA-B820-50E737B56419}.Release|Any CPU.Build.0 = Release|Any CPU
		{BFC86634-1EFD-4842-AFD6-6B6A30E59E2D}.Debug|Any CPU.ActiveCfg = Debug|Any CPU
		{BFC86634-1EFD-4842-AFD6-6B6A30E59E2D}.Debug|Any CPU.Build.0 = Debug|Any CPU
		{BFC86634-1EFD-4842-AFD6-6B6A30E59E2D}.Release|Any CPU.ActiveCfg = Release|Any CPU
		{BFC86634-1EFD-4842-AFD6-6B6A30E59E2D}.Release|Any CPU.Build.0 = Release|Any CPU
		{88919306-30F0-48A8-9188-6D590D6CDA96}.Debug|Any CPU.ActiveCfg = Debug|Any CPU
		{88919306-30F0-48A8-9188-6D590D6CDA96}.Debug|Any CPU.Build.0 = Debug|Any CPU
		{88919306-30F0-48A8-9188-6D590D6CDA96}.Release|Any CPU.ActiveCfg = Release|Any CPU
		{88919306-30F0-48A8-9188-6D590D6CDA96}.Release|Any CPU.Build.0 = Release|Any CPU
		{45272CDC-5358-4B2C-B068-B8DE9597292C}.Debug|Any CPU.ActiveCfg = Debug|Any CPU
		{45272CDC-5358-4B2C-B068-B8DE9597292C}.Debug|Any CPU.Build.0 = Debug|Any CPU
		{45272CDC-5358-4B2C-B068-B8DE9597292C}.Release|Any CPU.ActiveCfg = Release|Any CPU
		{45272CDC-5358-4B2C-B068-B8DE9597292C}.Release|Any CPU.Build.0 = Release|Any CPU
		{87D259E8-4A30-4E5C-AA07-A774E44A2DC3}.Debug|Any CPU.ActiveCfg = Debug|Any CPU
		{87D259E8-4A30-4E5C-AA07-A774E44A2DC3}.Debug|Any CPU.Build.0 = Debug|Any CPU
		{87D259E8-4A30-4E5C-AA07-A774E44A2DC3}.Release|Any CPU.ActiveCfg = Release|Any CPU
		{87D259E8-4A30-4E5C-AA07-A774E44A2DC3}.Release|Any CPU.Build.0 = Release|Any CPU
	EndGlobalSection
	GlobalSection(SolutionProperties) = preSolution
		HideSolutionNode = FALSE
	EndGlobalSection
	GlobalSection(ExtensibilityGlobals) = postSolution
		SolutionGuid = {0FF35386-270D-4C09-8AB2-0160A516B21F}
	EndGlobalSection
EndGlobal
